
Microsoft Visual Studio Solution File, Format Version 12.00
# Visual Studio Version 16
VisualStudioVersion = 16.0.31424.327
MinimumVisualStudioVersion = 10.0.40219.1
Project("{9A19103F-16F7-4668-BE54-9A1E7A4F7556}") = "FileSearcher", "FileSearcher\FileSearcher.csproj", "{3FFF3AFC-8301-47A7-9B7E-FE5D1AADF80C}"
EndProject
Project("{FAE04EC0-301F-11D3-BF4B-00C04F79EFBC}") = "RSearcherUI", "RSearcherUI\RSearcherUI.csproj", "{F1059224-AE35-4AF7-9D28-488105F56300}"
EndProject
Global
	GlobalSection(SolutionConfigurationPlatforms) = preSolution
		Debug|Any CPU = Debug|Any CPU
		Release|Any CPU = Release|Any CPU
	EndGlobalSection
	GlobalSection(ProjectConfigurationPlatforms) = postSolution
		{3FFF3AFC-8301-47A7-9B7E-FE5D1AADF80C}.Debug|Any CPU.ActiveCfg = Debug|Any CPU
		{3FFF3AFC-8301-47A7-9B7E-FE5D1AADF80C}.Debug|Any CPU.Build.0 = Debug|Any CPU
		{3FFF3AFC-8301-47A7-9B7E-FE5D1AADF80C}.Release|Any CPU.ActiveCfg = Release|Any CPU
		{3FFF3AFC-8301-47A7-9B7E-FE5D1AADF80C}.Release|Any CPU.Build.0 = Release|Any CPU
		{F1059224-AE35-4AF7-9D28-488105F56300}.Debug|Any CPU.ActiveCfg = Debug|Any CPU
		{F1059224-AE35-4AF7-9D28-488105F56300}.Debug|Any CPU.Build.0 = Debug|Any CPU
		{F1059224-AE35-4AF7-9D28-488105F56300}.Release|Any CPU.ActiveCfg = Release|Any CPU
		{F1059224-AE35-4AF7-9D28-488105F56300}.Release|Any CPU.Build.0 = Release|Any CPU
	EndGlobalSection
	GlobalSection(SolutionProperties) = preSolution
		HideSolutionNode = FALSE
	EndGlobalSection
	GlobalSection(ExtensibilityGlobals) = postSolution
		SolutionGuid = {C38CFED2-C319-4A0B-B1A4-21323A8A1C76}
	EndGlobalSection
EndGlobal
